
Microsoft Visual Studio Solution File, Format Version 12.00
# Visual Studio Version 16
VisualStudioVersion = 16.0.29503.13
MinimumVisualStudioVersion = 10.0.40219.1
Project("{FAE04EC0-301F-11D3-BF4B-00C04F79EFBC}") = "cv-4-ukol", "cv-4-ukol\cv-4-ukol.csproj", "{51643AF1-BD61-4E1E-B2DF-9CC346826925}"
EndProject
Global
	GlobalSection(SolutionConfigurationPlatforms) = preSolution
		Debug|Any CPU = Debug|Any CPU
		Release|Any CPU = Release|Any CPU
	EndGlobalSection
	GlobalSection(ProjectConfigurationPlatforms) = postSolution
		{51643AF1-BD61-4E1E-B2DF-9CC346826925}.Debug|Any CPU.ActiveCfg = Debug|Any CPU
		{51643AF1-BD61-4E1E-B2DF-9CC346826925}.Debug|Any CPU.Build.0 = Debug|Any CPU
		{51643AF1-BD61-4E1E-B2DF-9CC346826925}.Release|Any CPU.ActiveCfg = Release|Any CPU
		{51643AF1-BD61-4E1E-B2DF-9CC346826925}.Release|Any CPU.Build.0 = Release|Any CPU
	EndGlobalSection
	GlobalSection(SolutionProperties) = preSolution
		HideSolutionNode = FALSE
	EndGlobalSection
	GlobalSection(ExtensibilityGlobals) = postSolution
		SolutionGuid = {C7AE1FA5-6904-4AAE-89AD-DB4452CACE16}
	EndGlobalSection
EndGlobal
